
Microsoft Visual Studio Solution File, Format Version 12.00
# Visual Studio Version 16
VisualStudioVersion = 16.0.29806.167
MinimumVisualStudioVersion = 10.0.40219.1
Project("{FAE04EC0-301F-11D3-BF4B-00C04F79EFBC}") = "LocationSearch.Api", "LocationSearchApi\LocationSearch.Api.csproj", "{495074AE-E3DD-4C37-9BC8-28E489A6C418}"
EndProject
Project("{FAE04EC0-301F-11D3-BF4B-00C04F79EFBC}") = "LocationSearch.Repository", "Repository\LocationSearch.Repository.csproj", "{6C0B6283-63AF-46DD-9953-DE17E9306E3A}"
EndProject
Project("{FAE04EC0-301F-11D3-BF4B-00C04F79EFBC}") = "LocationSearch.Domain", "Domain\LocationSearch.Domain.csproj", "{72987B7F-1BE8-42CC-A257-1D7B5294444F}"
EndProject
Project("{FAE04EC0-301F-11D3-BF4B-00C04F79EFBC}") = "LocationSearch.Service", "LocationSearch.Service\LocationSearch.Service.csproj", "{2435917C-F8E7-4B4C-88A8-B91B8A02B54A}"
EndProject
Project("{FAE04EC0-301F-11D3-BF4B-00C04F79EFBC}") = "LocationSearch.Common", "LocationSearch.Common\LocationSearch.Common.csproj", "{FC6B7E86-2F1B-4356-A67B-9E23331FA56A}"
EndProject
Global
	GlobalSection(SolutionConfigurationPlatforms) = preSolution
		Debug|Any CPU = Debug|Any CPU
		Release|Any CPU = Release|Any CPU
	EndGlobalSection
	GlobalSection(ProjectConfigurationPlatforms) = postSolution
		{495074AE-E3DD-4C37-9BC8-28E489A6C418}.Debug|Any CPU.ActiveCfg = Debug|Any CPU
		{495074AE-E3DD-4C37-9BC8-28E489A6C418}.Debug|Any CPU.Build.0 = Debug|Any CPU
		{495074AE-E3DD-4C37-9BC8-28E489A6C418}.Release|Any CPU.ActiveCfg = Release|Any CPU
		{495074AE-E3DD-4C37-9BC8-28E489A6C418}.Release|Any CPU.Build.0 = Release|Any CPU
		{6C0B6283-63AF-46DD-9953-DE17E9306E3A}.Debug|Any CPU.ActiveCfg = Debug|Any CPU
		{6C0B6283-63AF-46DD-9953-DE17E9306E3A}.Debug|Any CPU.Build.0 = Debug|Any CPU
		{6C0B6283-63AF-46DD-9953-DE17E9306E3A}.Release|Any CPU.ActiveCfg = Release|Any CPU
		{6C0B6283-63AF-46DD-9953-DE17E9306E3A}.Release|Any CPU.Build.0 = Release|Any CPU
		{72987B7F-1BE8-42CC-A257-1D7B5294444F}.Debug|Any CPU.ActiveCfg = Debug|Any CPU
		{72987B7F-1BE8-42CC-A257-1D7B5294444F}.Debug|Any CPU.Build.0 = Debug|Any CPU
		{72987B7F-1BE8-42CC-A257-1D7B5294444F}.Release|Any CPU.ActiveCfg = Release|Any CPU
		{72987B7F-1BE8-42CC-A257-1D7B5294444F}.Release|Any CPU.Build.0 = Release|Any CPU
		{2435917C-F8E7-4B4C-88A8-B91B8A02B54A}.Debug|Any CPU.ActiveCfg = Debug|Any CPU
		{2435917C-F8E7-4B4C-88A8-B91B8A02B54A}.Debug|Any CPU.Build.0 = Debug|Any CPU
		{2435917C-F8E7-4B4C-88A8-B91B8A02B54A}.Release|Any CPU.ActiveCfg = Release|Any CPU
		{2435917C-F8E7-4B4C-88A8-B91B8A02B54A}.Release|Any CPU.Build.0 = Release|Any CPU
		{FC6B7E86-2F1B-4356-A67B-9E23331FA56A}.Debug|Any CPU.ActiveCfg = Debug|Any CPU
		{FC6B7E86-2F1B-4356-A67B-9E23331FA56A}.Debug|Any CPU.Build.0 = Debug|Any CPU
		{FC6B7E86-2F1B-4356-A67B-9E23331FA56A}.Release|Any CPU.ActiveCfg = Release|Any CPU
		{FC6B7E86-2F1B-4356-A67B-9E23331FA56A}.Release|Any CPU.Build.0 = Release|Any CPU
	EndGlobalSection
	GlobalSection(SolutionProperties) = preSolution
		HideSolutionNode = FALSE
	EndGlobalSection
	GlobalSection(ExtensibilityGlobals) = postSolution
		SolutionGuid = {23D676DD-EF7B-4964-BB01-4336BE5BF073}
	EndGlobalSection
EndGlobal
